
Microsoft Visual Studio Solution File, Format Version 12.00
# Visual Studio Version 17
VisualStudioVersion = 17.4.33020.496
MinimumVisualStudioVersion = 10.0.40219.1
Project("{FAE04EC0-301F-11D3-BF4B-00C04F79EFBC}") = "CertificateBaseProvisioning", "CertificateBaseProvisioning\CertificateBaseProvisioning.csproj", "{1CAFD134-9B96-491D-801F-8F2D8E128485}"
EndProject
Global
	GlobalSection(SolutionConfigurationPlatforms) = preSolution
		Debug|Any CPU = Debug|Any CPU
		Release|Any CPU = Release|Any CPU
	EndGlobalSection
	GlobalSection(ProjectConfigurationPlatforms) = postSolution
		{1CAFD134-9B96-491D-801F-8F2D8E128485}.Debug|Any CPU.ActiveCfg = Debug|Any CPU
		{1CAFD134-9B96-491D-801F-8F2D8E128485}.Debug|Any CPU.Build.0 = Debug|Any CPU
		{1CAFD134-9B96-491D-801F-8F2D8E128485}.Release|Any CPU.ActiveCfg = Release|Any CPU
		{1CAFD134-9B96-491D-801F-8F2D8E128485}.Release|Any CPU.Build.0 = Release|Any CPU
	EndGlobalSection
	GlobalSection(SolutionProperties) = preSolution
		HideSolutionNode = FALSE
	EndGlobalSection
	GlobalSection(ExtensibilityGlobals) = postSolution
		SolutionGuid = {DEE2E357-B97A-4564-B169-8118989F9AFF}
	EndGlobalSection
EndGlobal
